PODS:
  - lwip (0.2.0)
  - OpenSSL-Universal (1.1.1200)

DEPENDENCIES:
  - lwip (from `./`)
  - OpenSSL-Universal

SPEC REPOS:
  trunk:
    - OpenSSL-Universal

EXTERNAL SOURCES:
  lwip:
    :path: "./"

SPEC CHECKSUMS:
  lwip: 863ec66bc8f2e4f43754c5a0a33c90761b82713b
  OpenSSL-Universal: 3b8c0d6268fbd5d3ac44f97338e2fd16a73d9dbf

PODFILE CHECKSUM: 81a3f4e4b5eed51ff653959fae9f00633846b799

COCOAPODS: 1.11.2
