// !$*UTF8*$!
{
	archiveVersion = 1;
	classes = {
	};
	objectVersion = 55;
	objects = {

/* Begin PBXBuildFile section */
		60485EA4276F85F60039C618 /* AppDelegate.swift in Sources */ = {isa = PBXBuildFile; fileRef = 60485EA3276F85F60039C618 /* AppDelegate.swift */; };
		60485EA6276F85F60039C618 /* SceneDelegate.swift in Sources */ = {isa = PBXBuildFile; fileRef = 60485EA5276F85F60039C618 /* SceneDelegate.swift */; };
		60485EA8276F85F60039C618 /* ViewController.swift in Sources */ = {isa = PBXBuildFile; fileRef = 60485EA7276F85F60039C618 /* ViewController.swift */; };
		60485EAB276F85F60039C618 /* Main.storyboard in Resources */ = {isa = PBXBuildFile; fileRef = 60485EA9276F85F60039C618 /* Main.storyboard */; };
		60485EAD276F85F90039C618 /* Assets.xcassets in Resources */ = {isa = PBXBuildFile; fileRef = 60485EAC276F85F90039C618 /* Assets.xcassets */; };
		60485EB0276F85F90039C618 /* LaunchScreen.storyboard in Resources */ = {isa = PBXBuildFile; fileRef = 60485EAE276F85F90039C618 /* LaunchScreen.storyboard */; };
		64B98AAE74C3EEAE0398353C /* Pods_LWIP_DEMO.framework in Frameworks */ = {isa = PBXBuildFile; fileRef = 60F6F468498530E2BB395CB9 /* Pods_LWIP_DEMO.framework */; };
/* End PBXBuildFile section */

/* Begin PBXFileReference section */
		156D095EC51C16098FD5975B /* Pods-LWIP_DEMO.release.xcconfig */ = {isa = PBXFileReference; includeInIndex = 1; lastKnownFileType = text.xcconfig; name = "Pods-LWIP_DEMO.release.xcconfig"; path = "Target Support Files/Pods-LWIP_DEMO/Pods-LWIP_DEMO.release.xcconfig"; sourceTree = "<group>"; };
		60485EA0276F85F60039C618 /* LWIP_DEMO.app */ = {isa = PBXFileReference; explicitFileType = wrapper.application; includeInIndex = 0; path = LWIP_DEMO.app; sourceTree = BUILT_PRODUCTS_DIR; };
		60485EA3276F85F60039C618 /* AppDelegate.swift */ = {isa = PBXFileReference; lastKnownFileType = sourcecode.swift; path = AppDelegate.swift; sourceTree = "<group>"; };
		60485EA5276F85F60039C618 /* SceneDelegate.swift */ = {isa = PBXFileReference; lastKnownFileType = sourcecode.swift; path = SceneDelegate.swift; sourceTree = "<group>"; };
		60485EA7276F85F60039C618 /* ViewController.swift */ = {isa = PBXFileReference; lastKnownFileType = sourcecode.swift; path = ViewController.swift; sourceTree = "<group>"; };
		60485EAA276F85F60039C618 /* Base */ = {isa = PBXFileReference; lastKnownFileType = file.storyboard; name = Base; path = Base.lproj/Main.storyboard; sourceTree = "<group>"; };
		60485EAC276F85F90039C618 /* Assets.xcassets */ = {isa = PBXFileReference; lastKnownFileType = folder.assetcatalog; path = Assets.xcassets; sourceTree = "<group>"; };
		60485EAF276F85F90039C618 /* Base */ = {isa = PBXFileReference; lastKnownFileType = file.storyboard; name = Base; path = Base.lproj/LaunchScreen.storyboard; sourceTree = "<group>"; };
		60485EB1276F85F90039C618 /* Info.plist */ = {isa = PBXFileReference; lastKnownFileType = text.plist.xml; path = Info.plist; sourceTree = "<group>"; };
		60485EB7276F870D0039C618 /* lwip.xcframework */ = {isa = PBXFileReference; lastKnownFileType = wrapper.xcframework; name = lwip.xcframework; path = Frameworks/lwip.xcframework; sourceTree = "<group>"; };
		60485EBB276F872F0039C618 /* LWIP_DEMO-Bridging-Header.h */ = {isa = PBXFileReference; lastKnownFileType = sourcecode.c.h; path = "LWIP_DEMO-Bridging-Header.h"; sourceTree = "<group>"; };
		60F6F468498530E2BB395CB9 /* Pods_LWIP_DEMO.framework */ = {isa = PBXFileReference; explicitFileType = wrapper.framework; includeInIndex = 0; path = Pods_LWIP_DEMO.framework; sourceTree = BUILT_PRODUCTS_DIR; };
		FAFD3497AC8C7D9E807DB806 /* Pods-LWIP_DEMO.debug.xcconfig */ = {isa = PBXFileReference; includeInIndex = 1; lastKnownFileType = text.xcconfig; name = "Pods-LWIP_DEMO.debug.xcconfig"; path = "Target Support Files/Pods-LWIP_DEMO/Pods-LWIP_DEMO.debug.xcconfig"; sourceTree = "<group>"; };
/* End PBXFileReference section */

/* Begin PBXFrameworksBuildPhase section */
		60485E9D276F85F60039C618 /* Frameworks */ = {
			isa = PBXFrameworksBuildPhase;
			buildActionMask = 2147483647;
			files = (
				64B98AAE74C3EEAE0398353C /* Pods_LWIP_DEMO.framework in Frameworks */,
			);
			runOnlyForDeploymentPostprocessing = 0;
		};
/* End PBXFrameworksBuildPhase section */

/* Begin PBXGroup section */
		162D69102ED13DDDEBCEABBF /* Frameworks */ = {
			isa = PBXGroup;
			children = (
				60485EB7276F870D0039C618 /* lwip.xcframework */,
				60F6F468498530E2BB395CB9 /* Pods_LWIP_DEMO.framework */,
			);
			name = Frameworks;
			sourceTree = "<group>";
		};
		60485E97276F85F60039C618 = {
			isa = PBXGroup;
			children = (
				60485EA2276F85F60039C618 /* LWIP_DEMO */,
				60485EA1276F85F60039C618 /* Products */,
				EAE1A65161F1DA13255907A8 /* Pods */,
				162D69102ED13DDDEBCEABBF /* Frameworks */,
			);
			sourceTree = "<group>";
		};
		60485EA1276F85F60039C618 /* Products */ = {
			isa = PBXGroup;
			children = (
				60485EA0276F85F60039C618 /* LWIP_DEMO.app */,
			);
			name = Products;
			sourceTree = "<group>";
		};
		60485EA2276F85F60039C618 /* LWIP_DEMO */ = {
			isa = PBXGroup;
			children = (
				60485EA3276F85F60039C618 /* AppDelegate.swift */,
				60485EA5276F85F60039C618 /* SceneDelegate.swift */,
				60485EA7276F85F60039C618 /* ViewController.swift */,
				60485EA9276F85F60039C618 /* Main.storyboard */,
				60485EAC276F85F90039C618 /* Assets.xcassets */,
				60485EAE276F85F90039C618 /* LaunchScreen.storyboard */,
				60485EB1276F85F90039C618 /* Info.plist */,
				60485EBB276F872F0039C618 /* LWIP_DEMO-Bridging-Header.h */,
			);
			path = LWIP_DEMO;
			sourceTree = "<group>";
		};
		EAE1A65161F1DA13255907A8 /* Pods */ = {
			isa = PBXGroup;
			children = (
				FAFD3497AC8C7D9E807DB806 /* Pods-LWIP_DEMO.debug.xcconfig */,
				156D095EC51C16098FD5975B /* Pods-LWIP_DEMO.release.xcconfig */,
			);
			path = Pods;
			sourceTree = "<group>";
		};
/* End PBXGroup section */

/* Begin PBXNativeTarget section */
		60485E9F276F85F60039C618 /* LWIP_DEMO */ = {
			isa = PBXNativeTarget;
			buildConfigurationList = 60485EB4276F85F90039C618 /* Build configuration list for PBXNativeTarget "LWIP_DEMO" */;
			buildPhases = (
				5005F98F22C7EAECBFF53359 /* [CP] Check Pods Manifest.lock */,
				60485E9C276F85F60039C618 /* Sources */,
				60485E9D276F85F60039C618 /* Frameworks */,
				60485E9E276F85F60039C618 /* Resources */,
				10CB339B673061706B703DB0 /* [CP] Embed Pods Frameworks */,
			);
			buildRules = (
			);
			dependencies = (
			);
			name = LWIP_DEMO;
			productName = LWIP_DEMO;
			productReference = 60485EA0276F85F60039C618 /* LWIP_DEMO.app */;
			productType = "com.apple.product-type.application";
		};
/* End PBXNativeTarget section */

/* Begin PBXProject section */
		60485E98276F85F60039C618 /* Project object */ = {
			isa = PBXProject;
			attributes = {
				BuildIndependentTargetsInParallel = 1;
				LastSwiftUpdateCheck = 1320;
				LastUpgradeCheck = 1320;
				TargetAttributes = {
					60485E9F276F85F60039C618 = {
						CreatedOnToolsVersion = 13.2;
						LastSwiftMigration = 1320;
					};
				};
			};
			buildConfigurationList = 60485E9B276F85F60039C618 /* Build configuration list for PBXProject "LWIP_DEMO" */;
			compatibilityVersion = "Xcode 13.0";
			developmentRegion = en;
			hasScannedForEncodings = 0;
			knownRegions = (
				en,
				Base,
			);
			mainGroup = 60485E97276F85F60039C618;
			productRefGroup = 60485EA1276F85F60039C618 /* Products */;
			projectDirPath = "";
			projectRoot = "";
			targets = (
				60485E9F276F85F60039C618 /* LWIP_DEMO */,
			);
		};
/* End PBXProject section */

/* Begin PBXResourcesBuildPhase section */
		60485E9E276F85F60039C618 /* Resources */ = {
			isa = PBXResourcesBuildPhase;
			buildActionMask = 2147483647;
			files = (
				60485EB0276F85F90039C618 /* LaunchScreen.storyboard in Resources */,
				60485EAD276F85F90039C618 /* Assets.xcassets in Resources */,
				60485EAB276F85F60039C618 /* Main.storyboard in Resources */,
			);
			runOnlyForDeploymentPostprocessing = 0;
		};
/* End PBXResourcesBuildPhase section */

/* Begin PBXShellScriptBuildPhase section */
		10CB339B673061706B703DB0 /* [CP] Embed Pods Frameworks */ = {
			isa = PBXShellScriptBuildPhase;
			buildActionMask = 2147483647;
			files = (
			);
			inputFileListPaths = (
				"${PODS_ROOT}/Target Support Files/Pods-LWIP_DEMO/Pods-LWIP_DEMO-frameworks-${CONFIGURATION}-input-files.xcfilelist",
			);
			name = "[CP] Embed Pods Frameworks";
			outputFileListPaths = (
				"${PODS_ROOT}/Target Support Files/Pods-LWIP_DEMO/Pods-LWIP_DEMO-frameworks-${CONFIGURATION}-output-files.xcfilelist",
			);
			runOnlyForDeploymentPostprocessing = 0;
			shellPath = /bin/sh;
			shellScript = "\"${PODS_ROOT}/Target Support Files/Pods-LWIP_DEMO/Pods-LWIP_DEMO-frameworks.sh\"\n";
			showEnvVarsInLog = 0;
		};
		5005F98F22C7EAECBFF53359 /* [CP] Check Pods Manifest.lock */ = {
			isa = PBXShellScriptBuildPhase;
			buildActionMask = 2147483647;
			files = (
			);
			inputFileListPaths = (
			);
			inputPaths = (
				"${PODS_PODFILE_DIR_PATH}/Podfile.lock",
				"${PODS_ROOT}/Manifest.lock",
			);
			name = "[CP] Check Pods Manifest.lock";
			outputFileListPaths = (
			);
			outputPaths = (
				"$(DERIVED_FILE_DIR)/Pods-LWIP_DEMO-checkManifestLockResult.txt",
			);
			runOnlyForDeploymentPostprocessing = 0;
			shellPath = /bin/sh;
			shellScript = "diff \"${PODS_PODFILE_DIR_PATH}/Podfile.lock\" \"${PODS_ROOT}/Manifest.lock\" > /dev/null\nif [ $? != 0 ] ; then\n    # print error to STDERR\n    echo \"error: The sandbox is not in sync with the Podfile.lock. Run 'pod install' or update your CocoaPods installation.\" >&2\n    exit 1\nfi\n# This output is used by Xcode 'outputs' to avoid re-running this script phase.\necho \"SUCCESS\" > \"${SCRIPT_OUTPUT_FILE_0}\"\n";
			showEnvVarsInLog = 0;
		};
/* End PBXShellScriptBuildPhase section */

/* Begin PBXSourcesBuildPhase section */
		60485E9C276F85F60039C618 /* Sources */ = {
			isa = PBXSourcesBuildPhase;
			buildActionMask = 2147483647;
			files = (
				60485EA8276F85F60039C618 /* ViewController.swift in Sources */,
				60485EA4276F85F60039C618 /* AppDelegate.swift in Sources */,
				60485EA6276F85F60039C618 /* SceneDelegate.swift in Sources */,
			);
			runOnlyForDeploymentPostprocessing = 0;
		};
/* End PBXSourcesBuildPhase section */

/* Begin PBXVariantGroup section */
		60485EA9276F85F60039C618 /* Main.storyboard */ = {
			isa = PBXVariantGroup;
			children = (
				60485EAA276F85F60039C618 /* Base */,
			);
			name = Main.storyboard;
			sourceTree = "<group>";
		};
		60485EAE276F85F90039C618 /* LaunchScreen.storyboard */ = {
			isa = PBXVariantGroup;
			children = (
				60485EAF276F85F90039C618 /* Base */,
			);
			name = LaunchScreen.storyboard;
			sourceTree = "<group>";
		};
/* End PBXVariantGroup section */

/* Begin XCBuildConfiguration section */
		60485EB2276F85F90039C618 /* Debug */ = {
			isa = XCBuildConfiguration;
			buildSettings = {
				ALWAYS_SEARCH_USER_PATHS = NO;
				CLANG_ANALYZER_NONNULL = YES;
				CLANG_ANALYZER_NUMBER_OBJECT_CONVERSION = YES_AGGRESSIVE;
				CLANG_CXX_LANGUAGE_STANDARD = "gnu++17";
				CLANG_CXX_LIBRARY = "libc++";
				CLANG_ENABLE_MODULES = YES;
				CLANG_ENABLE_OBJC_ARC = YES;
				CLANG_ENABLE_OBJC_WEAK = YES;
				CLANG_WARN_BLOCK_CAPTURE_AUTORELEASING = YES;
				CLANG_WARN_BOOL_CONVERSION = YES;
				CLANG_WARN_COMMA = YES;
				CLANG_WARN_CONSTANT_CONVERSION = YES;
				CLANG_WARN_DEPRECATED_OBJC_IMPLEMENTATIONS = YES;
				CLANG_WARN_DIRECT_OBJC_ISA_USAGE = YES_ERROR;
				CLANG_WARN_DOCUMENTATION_COMMENTS = YES;
				CLANG_WARN_EMPTY_BODY = YES;
				CLANG_WARN_ENUM_CONVERSION = YES;
				CLANG_WARN_INFINITE_RECURSION = YES;
				CLANG_WARN_INT_CONVERSION = YES;
				CLANG_WARN_NON_LITERAL_NULL_CONVERSION = YES;
				CLANG_WARN_OBJC_IMPLICIT_RETAIN_SELF = YES;
				CLANG_WARN_OBJC_LITERAL_CONVERSION = YES;
				CLANG_WARN_OBJC_ROOT_CLASS = YES_ERROR;
				CLANG_WARN_QUOTED_INCLUDE_IN_FRAMEWORK_HEADER = YES;
				CLANG_WARN_RANGE_LOOP_ANALYSIS = YES;
				CLANG_WARN_STRICT_PROTOTYPES = YES;
				CLANG_WARN_SUSPICIOUS_MOVE = YES;
				CLANG_WARN_UNGUARDED_AVAILABILITY = YES_AGGRESSIVE;
				CLANG_WARN_UNREACHABLE_CODE = YES;
				CLANG_WARN__DUPLICATE_METHOD_MATCH = YES;
				COPY_PHASE_STRIP = NO;
				DEBUG_INFORMATION_FORMAT = dwarf;
				ENABLE_STRICT_OBJC_MSGSEND = YES;
				ENABLE_TESTABILITY = YES;
				GCC_C_LANGUAGE_STANDARD = gnu11;
				GCC_DYNAMIC_NO_PIC = NO;
				GCC_NO_COMMON_BLOCKS = YES;
				GCC_OPTIMIZATION_LEVEL = 0;
				GCC_PREPROCESSOR_DEFINITIONS = (
					"DEBUG=1",
					"$(inherited)",
				);
				GCC_WARN_64_TO_32_BIT_CONVERSION = YES;
				GCC_WARN_ABOUT_RETURN_TYPE = YES_ERROR;
				GCC_WARN_UNDECLARED_SELECTOR = YES;
				GCC_WARN_UNINITIALIZED_AUTOS = YES_AGGRESSIVE;
				GCC_WARN_UNUSED_FUNCTION = YES;
				GCC_WARN_UNUSED_VARIABLE = YES;
				IPHONEOS_DEPLOYMENT_TARGET = 15.2;
				MTL_ENABLE_DEBUG_INFO = INCLUDE_SOURCE;
				MTL_FAST_MATH = YES;
				ONLY_ACTIVE_ARCH = YES;
				SDKROOT = iphoneos;
				SWIFT_ACTIVE_COMPILATION_CONDITIONS = DEBUG;
				SWIFT_OPTIMIZATION_LEVEL = "-Onone";
			};
			name = Debug;
		};
		60485EB3276F85F90039C618 /* Release */ = {
			isa = XCBuildConfiguration;
			buildSettings = {
				ALWAYS_SEARCH_USER_PATHS = NO;
				CLANG_ANALYZER_NONNULL = YES;
				CLANG_ANALYZER_NUMBER_OBJECT_CONVERSION = YES_AGGRESSIVE;
				CLANG_CXX_LANGUAGE_STANDARD = "gnu++17";
				CLANG_CXX_LIBRARY = "libc++";
				CLANG_ENABLE_MODULES = YES;
				CLANG_ENABLE_OBJC_ARC = YES;
				CLANG_ENABLE_OBJC_WEAK = YES;
				CLANG_WARN_BLOCK_CAPTURE_AUTORELEASING = YES;
				CLANG_WARN_BOOL_CONVERSION = YES;
				CLANG_WARN_COMMA = YES;
				CLANG_WARN_CONSTANT_CONVERSION = YES;
				CLANG_WARN_DEPRECATED_OBJC_IMPLEMENTATIONS = YES;
				CLANG_WARN_DIRECT_OBJC_ISA_USAGE = YES_ERROR;
				CLANG_WARN_DOCUMENTATION_COMMENTS = YES;
				CLANG_WARN_EMPTY_BODY = YES;
				CLANG_WARN_ENUM_CONVERSION = YES;
				CLANG_WARN_INFINITE_RECURSION = YES;
				CLANG_WARN_INT_CONVERSION = YES;
				CLANG_WARN_NON_LITERAL_NULL_CONVERSION = YES;
				CLANG_WARN_OBJC_IMPLICIT_RETAIN_SELF = YES;
				CLANG_WARN_OBJC_LITERAL_CONVERSION = YES;
				CLANG_WARN_OBJC_ROOT_CLASS = YES_ERROR;
				CLANG_WARN_QUOTED_INCLUDE_IN_FRAMEWORK_HEADER = YES;
				CLANG_WARN_RANGE_LOOP_ANALYSIS = YES;
				CLANG_WARN_STRICT_PROTOTYPES = YES;
				CLANG_WARN_SUSPICIOUS_MOVE = YES;
				CLANG_WARN_UNGUARDED_AVAILABILITY = YES_AGGRESSIVE;
				CLANG_WARN_UNREACHABLE_CODE = YES;
				CLANG_WARN__DUPLICATE_METHOD_MATCH = YES;
				COPY_PHASE_STRIP = NO;
				DEBUG_INFORMATION_FORMAT = "dwarf-with-dsym";
				ENABLE_NS_ASSERTIONS = NO;
				ENABLE_STRICT_OBJC_MSGSEND = YES;
				GCC_C_LANGUAGE_STANDARD = gnu11;
				GCC_NO_COMMON_BLOCKS = YES;
				GCC_WARN_64_TO_32_BIT_CONVERSION = YES;
				GCC_WARN_ABOUT_RETURN_TYPE = YES_ERROR;
				GCC_WARN_UNDECLARED_SELECTOR = YES;
				GCC_WARN_UNINITIALIZED_AUTOS = YES_AGGRESSIVE;
				GCC_WARN_UNUSED_FUNCTION = YES;
				GCC_WARN_UNUSED_VARIABLE = YES;
				IPHONEOS_DEPLOYMENT_TARGET = 15.2;
				MTL_ENABLE_DEBUG_INFO = NO;
				MTL_FAST_MATH = YES;
				SDKROOT = iphoneos;
				SWIFT_COMPILATION_MODE = wholemodule;
				SWIFT_OPTIMIZATION_LEVEL = "-O";
				VALIDATE_PRODUCT = YES;
			};
			name = Release;
		};
		60485EB5276F85F90039C618 /* Debug */ = {
			isa = XCBuildConfiguration;
			baseConfigurationReference = FAFD3497AC8C7D9E807DB806 /* Pods-LWIP_DEMO.debug.xcconfig */;
			buildSettings = {
				ASSETCATALOG_COMPILER_APPICON_NAME = AppIcon;
				ASSETCATALOG_COMPILER_GLOBAL_ACCENT_COLOR_NAME = AccentColor;
				CLANG_ENABLE_MODULES = YES;
				CODE_SIGN_STYLE = Automatic;
				CURRENT_PROJECT_VERSION = 1;
				GENERATE_INFOPLIST_FILE = YES;
				INFOPLIST_FILE = LWIP_DEMO/Info.plist;
				INFOPLIST_KEY_UIApplicationSupportsIndirectInputEvents = YES;
				INFOPLIST_KEY_UILaunchStoryboardName = LaunchScreen;
				INFOPLIST_KEY_UIMainStoryboardFile = Main;
				INFOPLIST_KEY_UISupportedInterfaceOrientations_iPad = "UIInterfaceOrientationPortrait UIInterfaceOrientationPortraitUpsideDown UIInterfaceOrientationLandscapeLeft UIInterfaceOrientationLandscapeRight";
				INFOPLIST_KEY_UISupportedInterfaceOrientations_iPhone = "UIInterfaceOrientationPortrait UIInterfaceOrientationLandscapeLeft UIInterfaceOrientationLandscapeRight";
				LD_RUNPATH_SEARCH_PATHS = (
					"$(inherited)",
					"@executable_path/Frameworks",
				);
				MARKETING_VERSION = 1.0;
				PRODUCT_BUNDLE_IDENTIFIER = "org.lansterwang.LWIP-DEMO";
				PRODUCT_NAME = "$(TARGET_NAME)";
				SWIFT_EMIT_LOC_STRINGS = YES;
				SWIFT_INCLUDE_PATHS = "";
				SWIFT_OBJC_BRIDGING_HEADER = "LWIP_DEMO/LWIP_DEMO-Bridging-Header.h";
				SWIFT_OPTIMIZATION_LEVEL = "-Onone";
				SWIFT_VERSION = 5.0;
				TARGETED_DEVICE_FAMILY = "1,2";
			};
			name = Debug;
		};
		60485EB6276F85F90039C618 /* Release */ = {
			isa = XCBuildConfiguration;
			baseConfigurationReference = 156D095EC51C16098FD5975B /* Pods-LWIP_DEMO.release.xcconfig */;
			buildSettings = {
				ASSETCATALOG_COMPILER_APPICON_NAME = AppIcon;
				ASSETCATALOG_COMPILER_GLOBAL_ACCENT_COLOR_NAME = AccentColor;
				CLANG_ENABLE_MODULES = YES;
				CODE_SIGN_STYLE = Automatic;
				CURRENT_PROJECT_VERSION = 1;
				GENERATE_INFOPLIST_FILE = YES;
				INFOPLIST_FILE = LWIP_DEMO/Info.plist;
				INFOPLIST_KEY_UIApplicationSupportsIndirectInputEvents = YES;
				INFOPLIST_KEY_UILaunchStoryboardName = LaunchScreen;
				INFOPLIST_KEY_UIMainStoryboardFile = Main;
				INFOPLIST_KEY_UISupportedInterfaceOrientations_iPad = "UIInterfaceOrientationPortrait UIInterfaceOrientationPortraitUpsideDown UIInterfaceOrientationLandscapeLeft UIInterfaceOrientationLandscapeRight";
				INFOPLIST_KEY_UISupportedInterfaceOrientations_iPhone = "UIInterfaceOrientationPortrait UIInterfaceOrientationLandscapeLeft UIInterfaceOrientationLandscapeRight";
				LD_RUNPATH_SEARCH_PATHS = (
					"$(inherited)",
					"@executable_path/Frameworks",
				);
				MARKETING_VERSION = 1.0;
				PRODUCT_BUNDLE_IDENTIFIER = "org.lansterwang.LWIP-DEMO";
				PRODUCT_NAME = "$(TARGET_NAME)";
				SWIFT_EMIT_LOC_STRINGS = YES;
				SWIFT_INCLUDE_PATHS = "";
				SWIFT_OBJC_BRIDGING_HEADER = "LWIP_DEMO/LWIP_DEMO-Bridging-Header.h";
				SWIFT_VERSION = 5.0;
				TARGETED_DEVICE_FAMILY = "1,2";
			};
			name = Release;
		};
/* End XCBuildConfiguration section */

/* Begin XCConfigurationList section */
		60485E9B276F85F60039C618 /* Build configuration list for PBXProject "LWIP_DEMO" */ = {
			isa = XCConfigurationList;
			buildConfigurations = (
				60485EB2276F85F90039C618 /* Debug */,
				60485EB3276F85F90039C618 /* Release */,
			);
			defaultConfigurationIsVisible = 0;
			defaultConfigurationName = Release;
		};
		60485EB4276F85F90039C618 /* Build configuration list for PBXNativeTarget "LWIP_DEMO" */ = {
			isa = XCConfigurationList;
			buildConfigurations = (
				60485EB5276F85F90039C618 /* Debug */,
				60485EB6276F85F90039C618 /* Release */,
			);
			defaultConfigurationIsVisible = 0;
			defaultConfigurationName = Release;
		};
/* End XCConfigurationList section */
	};
	rootObject = 60485E98276F85F60039C618 /* Project object */;
}
